
Microsoft Visual Studio Solution File, Format Version 12.00
# Visual Studio Version 16
VisualStudioVersion = 16.0.33214.272
MinimumVisualStudioVersion = 10.0.40219.1
Project("{FAE04EC0-301F-11D3-BF4B-00C04F79EFBC}") = "Dotnet2", "Dotnet2\Dotnet2.csproj", "{04384F89-A4BC-4DFC-85DD-1F2C4D4805DD}"
EndProject
Global
	GlobalSection(SolutionConfigurationPlatforms) = preSolution
		Debug|Any CPU = Debug|Any CPU
		Release|Any CPU = Release|Any CPU
	EndGlobalSection
	GlobalSection(ProjectConfigurationPlatforms) = postSolution
		{04384F89-A4BC-4DFC-85DD-1F2C4D4805DD}.Debug|Any CPU.ActiveCfg = Debug|Any CPU
		{04384F89-A4BC-4DFC-85DD-1F2C4D4805DD}.Debug|Any CPU.Build.0 = Debug|Any CPU
		{04384F89-A4BC-4DFC-85DD-1F2C4D4805DD}.Release|Any CPU.ActiveCfg = Release|Any CPU
		{04384F89-A4BC-4DFC-85DD-1F2C4D4805DD}.Release|Any CPU.Build.0 = Release|Any CPU
	EndGlobalSection
	GlobalSection(SolutionProperties) = preSolution
		HideSolutionNode = FALSE
	EndGlobalSection
	GlobalSection(ExtensibilityGlobals) = postSolution
		SolutionGuid = {F1E115B9-0564-4579-A657-E9FC540A53DC}
	EndGlobalSection
EndGlobal
